{
  "name": "@proddata/node-red-contrib-cratedb",
  "version": "0.0.2",
  "lockfileVersion": 2,
  "requires": true,
  "packages": {
    "": {
      "name": "@proddata/node-red-contrib-cratedb",
      "version": "0.0.2",
      "license": "Apache-2.0",
      "dependencies": {
        "@proddata/node-cratedb": "^0.0.14"
      },
      "engines": {
        "node": ">=18.0.0"
      }
    },
    "node_modules/@proddata/node-cratedb": {
      "version": "0.0.14",
      "resolved": "https://registry.npmjs.org/@proddata/node-cratedb/-/node-cratedb-0.0.14.tgz",
      "integrity": "sha512-m1VVn7Bh41HuTgwiCr6nbxCsHoosHjSspoHRcOkq59FZdzoNgSBg42Y3mpGN7+Hj9NGNoLqHr3NCmWJvEr01gA==",
      "license": "MIT",
      "engines": {
        "node": ">=21.0.0"
      }
    }
  },
  "dependencies": {
    "@proddata/node-cratedb": {
      "version": "0.0.14",
      "resolved": "https://registry.npmjs.org/@proddata/node-cratedb/-/node-cratedb-0.0.14.tgz",
      "integrity": "sha512-m1VVn7Bh41HuTgwiCr6nbxCsHoosHjSspoHRcOkq59FZdzoNgSBg42Y3mpGN7+Hj9NGNoLqHr3NCmWJvEr01gA=="
    }
  }
}
